
Microsoft Visual Studio Solution File, Format Version 12.00
# Visual Studio Version 16
VisualStudioVersion = 16.0.30204.135
MinimumVisualStudioVersion = 10.0.40219.1
Project("{FAE04EC0-301F-11D3-BF4B-00C04F79EFBC}") = "TinyShop", "TinyShop\TinyShop.csproj", "{A50F1A8F-03D2-44E9-8FFF-DC40ADDA8E7B}"
EndProject
Project("{FAE04EC0-301F-11D3-BF4B-00C04F79EFBC}") = "Data", "Data\Data.csproj", "{53E5EFB4-291A-49AC-84BB-627D10ED187F}"
EndProject
Project("{FAE04EC0-301F-11D3-BF4B-00C04F79EFBC}") = "Service", "Service\Service.csproj", "{7EA133B1-CC37-4EAD-A27C-D52236AC82A6}"
EndProject
Global
	GlobalSection(SolutionConfigurationPlatforms) = preSolution
		Debug|Any CPU = Debug|Any CPU
		Release|Any CPU = Release|Any CPU
	EndGlobalSection
	GlobalSection(ProjectConfigurationPlatforms) = postSolution
		{A50F1A8F-03D2-44E9-8FFF-DC40ADDA8E7B}.Debug|Any CPU.ActiveCfg = Debug|Any CPU
		{A50F1A8F-03D2-44E9-8FFF-DC40ADDA8E7B}.Debug|Any CPU.Build.0 = Debug|Any CPU
		{A50F1A8F-03D2-44E9-8FFF-DC40ADDA8E7B}.Release|Any CPU.ActiveCfg = Release|Any CPU
		{A50F1A8F-03D2-44E9-8FFF-DC40ADDA8E7B}.Release|Any CPU.Build.0 = Release|Any CPU
		{53E5EFB4-291A-49AC-84BB-627D10ED187F}.Debug|Any CPU.ActiveCfg = Debug|Any CPU
		{53E5EFB4-291A-49AC-84BB-627D10ED187F}.Debug|Any CPU.Build.0 = Debug|Any CPU
		{53E5EFB4-291A-49AC-84BB-627D10ED187F}.Release|Any CPU.ActiveCfg = Release|Any CPU
		{53E5EFB4-291A-49AC-84BB-627D10ED187F}.Release|Any CPU.Build.0 = Release|Any CPU
		{7EA133B1-CC37-4EAD-A27C-D52236AC82A6}.Debug|Any CPU.ActiveCfg = Debug|Any CPU
		{7EA133B1-CC37-4EAD-A27C-D52236AC82A6}.Debug|Any CPU.Build.0 = Debug|Any CPU
		{7EA133B1-CC37-4EAD-A27C-D52236AC82A6}.Release|Any CPU.ActiveCfg = Release|Any CPU
		{7EA133B1-CC37-4EAD-A27C-D52236AC82A6}.Release|Any CPU.Build.0 = Release|Any CPU
	EndGlobalSection
	GlobalSection(SolutionProperties) = preSolution
		HideSolutionNode = FALSE
	EndGlobalSection
	GlobalSection(ExtensibilityGlobals) = postSolution
		SolutionGuid = {0FDF0058-DDF7-41FF-803C-AC90B3031631}
	EndGlobalSection
EndGlobal
